Microsoft Visual Studio Solution File, Format Version 10.00
# Visual Studio 2008
Project("{FAE04EC0-301F-11D3-BF4B-00C04F79EFBC}") = "UC-CAJA", "framework\UC-CAJA.csproj", "{F6747FE3-C211-4687-91B4-F44A2FE0EF1E}"
EndProject
Project("{FAE04EC0-301F-11D3-BF4B-00C04F79EFBC}") = "Merchant_VS2005", "Examples\Merchant\Merchant_VS2005.csproj", "{972601F9-3175-4D26-80E2-1B559FFB2FE2}"
EndProject
Project("{FAE04EC0-301F-11D3-BF4B-00C04F79EFBC}") = "WFormApppDemo", "WindowsFormsApplication1\WFormApppDemo.csproj", "{B2CBB95F-89D0-4158-836C-5216EF044662}"
EndProject
Global
	GlobalSection(SolutionConfigurationPlatforms) = preSolution
		Debug|Any CPU = Debug|Any CPU
		Release|Any CPU = Release|Any CPU
	EndGlobalSection
	GlobalSection(ProjectConfigurationPlatforms) = postSolution
		{F6747FE3-C211-4687-91B4-F44A2FE0EF1E}.Debug|Any CPU.ActiveCfg = Debug|Any CPU
		{F6747FE3-C211-4687-91B4-F44A2FE0EF1E}.Debug|Any CPU.Build.0 = Debug|Any CPU
		{F6747FE3-C211-4687-91B4-F44A2FE0EF1E}.Release|Any CPU.ActiveCfg = Debug|Any CPU
		{F6747FE3-C211-4687-91B4-F44A2FE0EF1E}.Release|Any CPU.Build.0 = Debug|Any CPU
		{972601F9-3175-4D26-80E2-1B559FFB2FE2}.Debug|Any CPU.ActiveCfg = Debug|Any CPU
		{972601F9-3175-4D26-80E2-1B559FFB2FE2}.Debug|Any CPU.Build.0 = Debug|Any CPU
		{972601F9-3175-4D26-80E2-1B559FFB2FE2}.Release|Any CPU.ActiveCfg = Debug|Any CPU
		{972601F9-3175-4D26-80E2-1B559FFB2FE2}.Release|Any CPU.Build.0 = Debug|Any CPU
		{B2CBB95F-89D0-4158-836C-5216EF044662}.Debug|Any CPU.ActiveCfg = Debug|Any CPU
		{B2CBB95F-89D0-4158-836C-5216EF044662}.Debug|Any CPU.Build.0 = Debug|Any CPU
		{B2CBB95F-89D0-4158-836C-5216EF044662}.Release|Any CPU.ActiveCfg = Debug|Any CPU
		{B2CBB95F-89D0-4158-836C-5216EF044662}.Release|Any CPU.Build.0 = Debug|Any CPU
	EndGlobalSection
	GlobalSection(SolutionProperties) = preSolution
		HideSolutionNode = FALSE
	EndGlobalSection
EndGlobal
